{
  "name": "opencode",
  "lockfileVersion": 3,
  "requires": true,
  "packages": {
    "": {
      "dependencies": {
        "@opencode-ai/plugin": "0.0.0-beta-202603121123"
      }
    },
    "node_modules/@opencode-ai/plugin": {
      "version": "0.0.0-beta-202603121123",
      "resolved": "https://registry.npmjs.org/@opencode-ai/plugin/-/plugin-0.0.0-beta-202603121123.tgz",
      "integrity": "sha512-KNLRC3H2tyVPkT9kaxgSrTI6c9J1jJipBLiBeKyh86ppKs4ZnOhGBfBkRebph9vlGToQrd5jCBH3++pJA7H+RA==",
      "license": "MIT",
      "dependencies": {
        "@opencode-ai/sdk": "0.0.0-beta-202603121123",
        "zod": "4.1.8"
      }
    },
    "node_modules/@opencode-ai/sdk": {
      "version": "0.0.0-beta-202603121123",
      "resolved": "https://registry.npmjs.org/@opencode-ai/sdk/-/sdk-0.0.0-beta-202603121123.tgz",
      "integrity": "sha512-3A1PLc48DuqqEytvkyNAV1sUrPAd5x8XzEFdNhc04argvVQTJigiERvjnVVE7eKOKh/aKBqz7aiuhcES4xt2tg==",
      "license": "MIT"
    },
    "node_modules/zod": {
      "version": "4.1.8",
      "license": "MIT",
      "funding": {
        "url": "https://github.com/sponsors/colinhacks"
      }
    }
  }
}
